
Microsoft Visual Studio Solution File, Format Version 12.00
# Visual Studio Version 17
VisualStudioVersion = 17.11.35222.181
MinimumVisualStudioVersion = 10.0.40219.1
Project("{FAE04EC0-301F-11D3-BF4B-00C04F79EFBC}") = "Auth", "Auth.PL\Auth.PL.csproj", "{9569AA3E-3D27-49B6-9F12-629B5E04287F}"
EndProject
Project("{2150E333-8FDC-42A3-9474-1A3956D46DE8}") = "DAL", "DAL", "{E38F73D6-158A-492E-A74E-6C6EF6652201}"
EndProject
Project("{2150E333-8FDC-42A3-9474-1A3956D46DE8}") = "BLL", "BLL", "{11A92CF5-DB37-4749-A7C5-140FD0232038}"
EndProject
Project("{2150E333-8FDC-42A3-9474-1A3956D46DE8}") = "PL", "PL", "{F0BE84AF-86CE-4BDB-9C99-540493D2D342}"
EndProject
Project("{2150E333-8FDC-42A3-9474-1A3956D46DE8}") = "Common", "Common", "{E3DC8330-51C7-4F4E-81E0-FE0FB8E2AE3A}"
EndProject
Project("{FAE04EC0-301F-11D3-BF4B-00C04F79EFBC}") = "Auth.BLL.Contract", "Auth.BLL.Contract\Auth.BLL.Contract.csproj", "{AEF06340-5874-47FE-A9AB-1DA3944CF0F8}"
EndProject
Project("{FAE04EC0-301F-11D3-BF4B-00C04F79EFBC}") = "Auth.BLL.Logic", "Auth.BLL.Logic\Auth.BLL.Logic.csproj", "{15B1E18C-2EB4-4BB3-9394-54EBFE5374D1}"
EndProject
Project("{FAE04EC0-301F-11D3-BF4B-00C04F79EFBC}") = "Auth.Entities", "Auth.Entities\Auth.Entities.csproj", "{D2E3BD4A-1448-4D27-A53A-83473796FB11}"
EndProject
Project("{FAE04EC0-301F-11D3-BF4B-00C04F79EFBC}") = "Auth.Helpers", "Auth.Helpers\Auth.Helpers.csproj", "{2017007F-55C4-42A3-A3D5-761051ACF08E}"
EndProject
Project("{FAE04EC0-301F-11D3-BF4B-00C04F79EFBC}") = "Auth.DAL.Repositories", "Auth.DAL.Repositories\Auth.DAL.Repositories.csproj", "{842143EF-AB20-4F39-8827-D441CC174BD6}"
EndProject
Project("{FAE04EC0-301F-11D3-BF4B-00C04F79EFBC}") = "Auth.DAL.Contracts", "Auth.DAL.Contracts\Auth.DAL.Contracts.csproj", "{26C9C647-BE17-41F0-AEF2-2B3D520FA536}"
EndProject
Global
	GlobalSection(SolutionConfigurationPlatforms) = preSolution
		Debug|Any CPU = Debug|Any CPU
		Release|Any CPU = Release|Any CPU
	EndGlobalSection
	GlobalSection(ProjectConfigurationPlatforms) = postSolution
		{9569AA3E-3D27-49B6-9F12-629B5E04287F}.Debug|Any CPU.ActiveCfg = Debug|Any CPU
		{9569AA3E-3D27-49B6-9F12-629B5E04287F}.Debug|Any CPU.Build.0 = Debug|Any CPU
		{9569AA3E-3D27-49B6-9F12-629B5E04287F}.Release|Any CPU.ActiveCfg = Release|Any CPU
		{9569AA3E-3D27-49B6-9F12-629B5E04287F}.Release|Any CPU.Build.0 = Release|Any CPU
		{AEF06340-5874-47FE-A9AB-1DA3944CF0F8}.Debug|Any CPU.ActiveCfg = Debug|Any CPU
		{AEF06340-5874-47FE-A9AB-1DA3944CF0F8}.Debug|Any CPU.Build.0 = Debug|Any CPU
		{AEF06340-5874-47FE-A9AB-1DA3944CF0F8}.Release|Any CPU.ActiveCfg = Release|Any CPU
		{AEF06340-5874-47FE-A9AB-1DA3944CF0F8}.Release|Any CPU.Build.0 = Release|Any CPU
		{15B1E18C-2EB4-4BB3-9394-54EBFE5374D1}.Debug|Any CPU.ActiveCfg = Debug|Any CPU
		{15B1E18C-2EB4-4BB3-9394-54EBFE5374D1}.Debug|Any CPU.Build.0 = Debug|Any CPU
		{15B1E18C-2EB4-4BB3-9394-54EBFE5374D1}.Release|Any CPU.ActiveCfg = Release|Any CPU
		{15B1E18C-2EB4-4BB3-9394-54EBFE5374D1}.Release|Any CPU.Build.0 = Release|Any CPU
		{D2E3BD4A-1448-4D27-A53A-83473796FB11}.Debug|Any CPU.ActiveCfg = Debug|Any CPU
		{D2E3BD4A-1448-4D27-A53A-83473796FB11}.Debug|Any CPU.Build.0 = Debug|Any CPU
		{D2E3BD4A-1448-4D27-A53A-83473796FB11}.Release|Any CPU.ActiveCfg = Release|Any CPU
		{D2E3BD4A-1448-4D27-A53A-83473796FB11}.Release|Any CPU.Build.0 = Release|Any CPU
		{2017007F-55C4-42A3-A3D5-761051ACF08E}.Debug|Any CPU.ActiveCfg = Debug|Any CPU
		{2017007F-55C4-42A3-A3D5-761051ACF08E}.Debug|Any CPU.Build.0 = Debug|Any CPU
		{2017007F-55C4-42A3-A3D5-761051ACF08E}.Release|Any CPU.ActiveCfg = Release|Any CPU
		{2017007F-55C4-42A3-A3D5-761051ACF08E}.Release|Any CPU.Build.0 = Release|Any CPU
		{842143EF-AB20-4F39-8827-D441CC174BD6}.Debug|Any CPU.ActiveCfg = Debug|Any CPU
		{842143EF-AB20-4F39-8827-D441CC174BD6}.Debug|Any CPU.Build.0 = Debug|Any CPU
		{842143EF-AB20-4F39-8827-D441CC174BD6}.Release|Any CPU.ActiveCfg = Release|Any CPU
		{842143EF-AB20-4F39-8827-D441CC174BD6}.Release|Any CPU.Build.0 = Release|Any CPU
		{26C9C647-BE17-41F0-AEF2-2B3D520FA536}.Debug|Any CPU.ActiveCfg = Debug|Any CPU
		{26C9C647-BE17-41F0-AEF2-2B3D520FA536}.Debug|Any CPU.Build.0 = Debug|Any CPU
		{26C9C647-BE17-41F0-AEF2-2B3D520FA536}.Release|Any CPU.ActiveCfg = Release|Any CPU
		{26C9C647-BE17-41F0-AEF2-2B3D520FA536}.Release|Any CPU.Build.0 = Release|Any CPU
	EndGlobalSection
	GlobalSection(SolutionProperties) = preSolution
		HideSolutionNode = FALSE
	EndGlobalSection
	GlobalSection(NestedProjects) = preSolution
		{9569AA3E-3D27-49B6-9F12-629B5E04287F} = {F0BE84AF-86CE-4BDB-9C99-540493D2D342}
		{AEF06340-5874-47FE-A9AB-1DA3944CF0F8} = {11A92CF5-DB37-4749-A7C5-140FD0232038}
		{15B1E18C-2EB4-4BB3-9394-54EBFE5374D1} = {11A92CF5-DB37-4749-A7C5-140FD0232038}
		{D2E3BD4A-1448-4D27-A53A-83473796FB11} = {E3DC8330-51C7-4F4E-81E0-FE0FB8E2AE3A}
		{2017007F-55C4-42A3-A3D5-761051ACF08E} = {E3DC8330-51C7-4F4E-81E0-FE0FB8E2AE3A}
		{842143EF-AB20-4F39-8827-D441CC174BD6} = {E38F73D6-158A-492E-A74E-6C6EF6652201}
		{26C9C647-BE17-41F0-AEF2-2B3D520FA536} = {E38F73D6-158A-492E-A74E-6C6EF6652201}
	EndGlobalSection
	GlobalSection(ExtensibilityGlobals) = postSolution
		SolutionGuid = {5F546D39-0790-49DC-B380-C9D83B44965A}
	EndGlobalSection
EndGlobal
